
Microsoft Visual Studio Solution File, Format Version 12.00
# Visual Studio 15
VisualStudioVersion = 15.0.25807.0
MinimumVisualStudioVersion = 10.0.40219.1
Project("{FAE04EC0-301F-11D3-BF4B-00C04F79EFBC}") = "WallpaperWatcher", "WallpaperWatcher\WallpaperWatcher.csproj", "{E51F3450-2F61-42ED-99FC-890C205351DD}"
EndProject
Global
	GlobalSection(SolutionConfigurationPlatforms) = preSolution
		Debug|Any CPU = Debug|Any CPU
		Release|Any CPU = Release|Any CPU
	EndGlobalSection
	GlobalSection(ProjectConfigurationPlatforms) = postSolution
		{E51F3450-2F61-42ED-99FC-890C205351DD}.Debug|Any CPU.ActiveCfg = Debug|Any CPU
		{E51F3450-2F61-42ED-99FC-890C205351DD}.Debug|Any CPU.Build.0 = Debug|Any CPU
		{E51F3450-2F61-42ED-99FC-890C205351DD}.Release|Any CPU.ActiveCfg = Release|Any CPU
		{E51F3450-2F61-42ED-99FC-890C205351DD}.Release|Any CPU.Build.0 = Release|Any CPU
	EndGlobalSection
	GlobalSection(SolutionProperties) = preSolution
		HideSolutionNode = FALSE
	EndGlobalSection
	GlobalSection(ExtensibilityGlobals) = postSolution
		SolutionGuid = {AC1DD376-4FC1-4766-9751-F97F3C6B9116}
	EndGlobalSection
EndGlobal
